// !$*UTF8*$!
{
	archiveVersion = 1;
	classes = {
	};
	objectVersion = 56;
	objects = {

/* Begin PBXBuildFile section */
		409594E22BF982C900770F78 /* mina.storyboard in Resources */ = {isa = PBXBuildFile; fileRef = 409594E12BF982C900770F78 /* mina.storyboard */; };
		5183EAA22BF9216B0047D039 /* AppDelegate.swift in Sources */ = {isa = PBXBuildFile; fileRef = 5183EAA12BF9216B0047D039 /* AppDelegate.swift */; };
		5183EAA42BF9216B0047D039 /* SceneDelegate.swift in Sources */ = {isa = PBXBuildFile; fileRef = 5183EAA32BF9216B0047D039 /* SceneDelegate.swift */; };
		5183EAA62BF9216B0047D039 /* ViewController.swift in Sources */ = {isa = PBXBuildFile; fileRef = 5183EAA52BF9216B0047D039 /* ViewController.swift */; };
		5183EAA92BF9216B0047D039 /* Main.storyboard in Resources */ = {isa = PBXBuildFile; fileRef = 5183EAA72BF9216B0047D039 /* Main.storyboard */; };
		5183EAAB2BF9216F0047D039 /* Assets.xcassets in Resources */ = {isa = PBXBuildFile; fileRef = 5183EAAA2BF9216F0047D039 /* Assets.xcassets */; };
		5183EAAE2BF9216F0047D039 /* LaunchScreen.storyboard in Resources */ = {isa = PBXBuildFile; fileRef = 5183EAAC2BF9216F0047D039 /* LaunchScreen.storyboard */; };
		5183EAB92BF921700047D039 /* project_testTests.swift in Sources */ = {isa = PBXBuildFile; fileRef = 5183EAB82BF921700047D039 /* project_testTests.swift */; };
		5183EAC32BF921710047D039 /* project_testUITests.swift in Sources */ = {isa = PBXBuildFile; fileRef = 5183EAC22BF921710047D039 /* project_testUITests.swift */; };
		5183EAC52BF921710047D039 /* project_testUITestsLaunchTests.swift in Sources */ = {isa = PBXBuildFile; fileRef = 5183EAC42BF921710047D039 /* project_testUITestsLaunchTests.swift */; };
/* End PBXBuildFile section */

/* Begin PBXContainerItemProxy section */
		5183EAB52BF921700047D039 /* PBXContainerItemProxy */ = {
			isa = PBXContainerItemProxy;
			containerPortal = 5183EA962BF9216B0047D039 /* Project object */;
			proxyType = 1;
			remoteGlobalIDString = 5183EA9D2BF9216B0047D039;
			remoteInfo = "project-test";
		};
		5183EABF2BF921710047D039 /* PBXContainerItemProxy */ = {
			isa = PBXContainerItemProxy;
			containerPortal = 5183EA962BF9216B0047D039 /* Project object */;
			proxyType = 1;
			remoteGlobalIDString = 5183EA9D2BF9216B0047D039;
			remoteInfo = "project-test";
		};
/* End PBXContainerItemProxy section */

/* Begin PBXFileReference section */
		409594E12BF982C900770F78 /* mina.storyboard */ = {isa = PBXFileReference; lastKnownFileType = file.storyboard; path = mina.storyboard; sourceTree = "<group>"; };
		5183EA9E2BF9216B0047D039 /* project-test.app */ = {isa = PBXFileReference; explicitFileType = wrapper.application; includeInIndex = 0; path = "project-test.app"; sourceTree = BUILT_PRODUCTS_DIR; };
		5183EAA12BF9216B0047D039 /* AppDelegate.swift */ = {isa = PBXFileReference; lastKnownFileType = sourcecode.swift; path = AppDelegate.swift; sourceTree = "<group>"; };
		5183EAA32BF9216B0047D039 /* SceneDelegate.swift */ = {isa = PBXFileReference; lastKnownFileType = sourcecode.swift; path = SceneDelegate.swift; sourceTree = "<group>"; };
		5183EAA52BF9216B0047D039 /* ViewController.swift */ = {isa = PBXFileReference; lastKnownFileType = sourcecode.swift; path = ViewController.swift; sourceTree = "<group>"; };
		5183EAA82BF9216B0047D039 /* Base */ = {isa = PBXFileReference; lastKnownFileType = file.storyboard; name = Base; path = Base.lproj/Main.storyboard; sourceTree = "<group>"; };
		5183EAAA2BF9216F0047D039 /* Assets.xcassets */ = {isa = PBXFileReference; lastKnownFileType = folder.assetcatalog; path = Assets.xcassets; sourceTree = "<group>"; };
		5183EAAD2BF9216F0047D039 /* Base */ = {isa = PBXFileReference; lastKnownFileType = file.storyboard; name = Base; path = Base.lproj/LaunchScreen.storyboard; sourceTree = "<group>"; };
		5183EAAF2BF9216F0047D039 /* Info.plist */ = {isa = PBXFileReference; lastKnownFileType = text.plist.xml; path = Info.plist; sourceTree = "<group>"; };
		5183EAB42BF921700047D039 /* project-testTests.xctest */ = {isa = PBXFileReference; explicitFileType = wrapper.cfbundle; includeInIndex = 0; path = "project-testTests.xctest"; sourceTree = BUILT_PRODUCTS_DIR; };
		5183EAB82BF921700047D039 /* project_testTests.swift */ = {isa = PBXFileReference; lastKnownFileType = sourcecode.swift; path = project_testTests.swift; sourceTree = "<group>"; };
		5183EABE2BF921710047D039 /* project-testUITests.xctest */ = {isa = PBXFileReference; explicitFileType = wrapper.cfbundle; includeInIndex = 0; path = "project-testUITests.xctest"; sourceTree = BUILT_PRODUCTS_DIR; };
		5183EAC22BF921710047D039 /* project_testUITests.swift */ = {isa = PBXFileReference; lastKnownFileType = sourcecode.swift; path = project_testUITests.swift; sourceTree = "<group>"; };
		5183EAC42BF921710047D039 /* project_testUITestsLaunchTests.swift */ = {isa = PBXFileReference; lastKnownFileType = sourcecode.swift; path = project_testUITestsLaunchTests.swift; sourceTree = "<group>"; };
/* End PBXFileReference section */

/* Begin PBXFrameworksBuildPhase section */
		5183EA9B2BF9216B0047D039 /* Frameworks */ = {
			isa = PBXFrameworksBuildPhase;
			buildActionMask = 2147483647;
			files = (
			);
			runOnlyForDeploymentPostprocessing = 0;
		};
		5183EAB12BF921700047D039 /* Frameworks */ = {
			isa = PBXFrameworksBuildPhase;
			buildActionMask = 2147483647;
			files = (
			);
			runOnlyForDeploymentPostprocessing = 0;
		};
		5183EABB2BF921710047D039 /* Frameworks */ = {
			isa = PBXFrameworksBuildPhase;
			buildActionMask = 2147483647;
			files = (
			);
			runOnlyForDeploymentPostprocessing = 0;
		};
/* End PBXFrameworksBuildPhase section */

/* Begin PBXGroup section */
		5183EA952BF9216B0047D039 = {
			isa = PBXGroup;
			children = (
				5183EAA02BF9216B0047D039 /* project-test */,
				5183EAB72BF921700047D039 /* project-testTests */,
				5183EAC12BF921710047D039 /* project-testUITests */,
				5183EA9F2BF9216B0047D039 /* Products */,
			);
			sourceTree = "<group>";
		};
		5183EA9F2BF9216B0047D039 /* Products */ = {
			isa = PBXGroup;
			children = (
				5183EA9E2BF9216B0047D039 /* project-test.app */,
				5183EAB42BF921700047D039 /* project-testTests.xctest */,
				5183EABE2BF921710047D039 /* project-testUITests.xctest */,
			);
			name = Products;
			sourceTree = "<group>";
		};
		5183EAA02BF9216B0047D039 /* project-test */ = {
			isa = PBXGroup;
			children = (
				5183EAA12BF9216B0047D039 /* AppDelegate.swift */,
				5183EAA32BF9216B0047D039 /* SceneDelegate.swift */,
				5183EAA52BF9216B0047D039 /* ViewController.swift */,
				5183EAA72BF9216B0047D039 /* Main.storyboard */,
				5183EAAA2BF9216F0047D039 /* Assets.xcassets */,
				5183EAAC2BF9216F0047D039 /* LaunchScreen.storyboard */,
				5183EAAF2BF9216F0047D039 /* Info.plist */,
				409594E12BF982C900770F78 /* mina.storyboard */,
			);
			path = "project-test";
			sourceTree = "<group>";
		};
		5183EAB72BF921700047D039 /* project-testTests */ = {
			isa = PBXGroup;
			children = (
				5183EAB82BF921700047D039 /* project_testTests.swift */,
			);
			path = "project-testTests";
			sourceTree = "<group>";
		};
		5183EAC12BF921710047D039 /* project-testUITests */ = {
			isa = PBXGroup;
			children = (
				5183EAC22BF921710047D039 /* project_testUITests.swift */,
				5183EAC42BF921710047D039 /* project_testUITestsLaunchTests.swift */,
			);
			path = "project-testUITests";
			sourceTree = "<group>";
		};
/* End PBXGroup section */

/* Begin PBXNativeTarget section */
		5183EA9D2BF9216B0047D039 /* project-test */ = {
			isa = PBXNativeTarget;
			buildConfigurationList = 5183EAC82BF921710047D039 /* Build configuration list for PBXNativeTarget "project-test" */;
			buildPhases = (
				5183EA9A2BF9216B0047D039 /* Sources */,
				5183EA9B2BF9216B0047D039 /* Frameworks */,
				5183EA9C2BF9216B0047D039 /* Resources */,
			);
			buildRules = (
			);
			dependencies = (
			);
			name = "project-test";
			productName = "project-test";
			productReference = 5183EA9E2BF9216B0047D039 /* project-test.app */;
			productType = "com.apple.product-type.application";
		};
		5183EAB32BF921700047D039 /* project-testTests */ = {
			isa = PBXNativeTarget;
			buildConfigurationList = 5183EACB2BF921710047D039 /* Build configuration list for PBXNativeTarget "project-testTests" */;
			buildPhases = (
				5183EAB02BF921700047D039 /* Sources */,
				5183EAB12BF921700047D039 /* Frameworks */,
				5183EAB22BF921700047D039 /* Resources */,
			);
			buildRules = (
			);
			dependencies = (
				5183EAB62BF921700047D039 /* PBXTargetDependency */,
			);
			name = "project-testTests";
			productName = "project-testTests";
			productReference = 5183EAB42BF921700047D039 /* project-testTests.xctest */;
			productType = "com.apple.product-type.bundle.unit-test";
		};
		5183EABD2BF921710047D039 /* project-testUITests */ = {
			isa = PBXNativeTarget;
			buildConfigurationList = 5183EACE2BF921710047D039 /* Build configuration list for PBXNativeTarget "project-testUITests" */;
			buildPhases = (
				5183EABA2BF921710047D039 /* Sources */,
				5183EABB2BF921710047D039 /* Frameworks */,
				5183EABC2BF921710047D039 /* Resources */,
			);
			buildRules = (
			);
			dependencies = (
				5183EAC02BF921710047D039 /* PBXTargetDependency */,
			);
			name = "project-testUITests";
			productName = "project-testUITests";
			productReference = 5183EABE2BF921710047D039 /* project-testUITests.xctest */;
			productType = "com.apple.product-type.bundle.ui-testing";
		};
/* End PBXNativeTarget section */

/* Begin PBXProject section */
		5183EA962BF9216B0047D039 /* Project object */ = {
			isa = PBXProject;
			attributes = {
				BuildIndependentTargetsInParallel = 1;
				LastSwiftUpdateCheck = 1520;
				LastUpgradeCheck = 1520;
				TargetAttributes = {
					5183EA9D2BF9216B0047D039 = {
						CreatedOnToolsVersion = 15.2;
					};
					5183EAB32BF921700047D039 = {
						CreatedOnToolsVersion = 15.2;
						TestTargetID = 5183EA9D2BF9216B0047D039;
					};
					5183EABD2BF921710047D039 = {
						CreatedOnToolsVersion = 15.2;
						TestTargetID = 5183EA9D2BF9216B0047D039;
					};
				};
			};
			buildConfigurationList = 5183EA992BF9216B0047D039 /* Build configuration list for PBXProject "project-test" */;
			compatibilityVersion = "Xcode 14.0";
			developmentRegion = en;
			hasScannedForEncodings = 0;
			knownRegions = (
				en,
				Base,
			);
			mainGroup = 5183EA952BF9216B0047D039;
			productRefGroup = 5183EA9F2BF9216B0047D039 /* Products */;
			projectDirPath = "";
			projectRoot = "";
			targets = (
				5183EA9D2BF9216B0047D039 /* project-test */,
				5183EAB32BF921700047D039 /* project-testTests */,
				5183EABD2BF921710047D039 /* project-testUITests */,
			);
		};
/* End PBXProject section */

/* Begin PBXResourcesBuildPhase section */
		5183EA9C2BF9216B0047D039 /* Resources */ = {
			isa = PBXResourcesBuildPhase;
			buildActionMask = 2147483647;
			files = (
				5183EAAE2BF9216F0047D039 /* LaunchScreen.storyboard in Resources */,
				5183EAAB2BF9216F0047D039 /* Assets.xcassets in Resources */,
				5183EAA92BF9216B0047D039 /* Main.storyboard in Resources */,
				409594E22BF982C900770F78 /* mina.storyboard in Resources */,
			);
			runOnlyForDeploymentPostprocessing = 0;
		};
		5183EAB22BF921700047D039 /* Resources */ = {
			isa = PBXResourcesBuildPhase;
			buildActionMask = 2147483647;
			files = (
			);
			runOnlyForDeploymentPostprocessing = 0;
		};
		5183EABC2BF921710047D039 /* Resources */ = {
			isa = PBXResourcesBuildPhase;
			buildActionMask = 2147483647;
			files = (
			);
			runOnlyForDeploymentPostprocessing = 0;
		};
/* End PBXResourcesBuildPhase section */

/* Begin PBXSourcesBuildPhase section */
		5183EA9A2BF9216B0047D039 /* Sources */ = {
			isa = PBXSourcesBuildPhase;
			buildActionMask = 2147483647;
			files = (
				5183EAA62BF9216B0047D039 /* ViewController.swift in Sources */,
				5183EAA22BF9216B0047D039 /* AppDelegate.swift in Sources */,
				5183EAA42BF9216B0047D039 /* SceneDelegate.swift in Sources */,
			);
			runOnlyForDeploymentPostprocessing = 0;
		};
		5183EAB02BF921700047D039 /* Sources */ = {
			isa = PBXSourcesBuildPhase;
			buildActionMask = 2147483647;
			files = (
				5183EAB92BF921700047D039 /* project_testTests.swift in Sources */,
			);
			runOnlyForDeploymentPostprocessing = 0;
		};
		5183EABA2BF921710047D039 /* Sources */ = {
			isa = PBXSourcesBuildPhase;
			buildActionMask = 2147483647;
			files = (
				5183EAC52BF921710047D039 /* project_testUITestsLaunchTests.swift in Sources */,
				5183EAC32BF921710047D039 /* project_testUITests.swift in Sources */,
			);
			runOnlyForDeploymentPostprocessing = 0;
		};
/* End PBXSourcesBuildPhase section */

/* Begin PBXTargetDependency section */
		5183EAB62BF921700047D039 /* PBXTargetDependency */ = {
			isa = PBXTargetDependency;
			target = 5183EA9D2BF9216B0047D039 /* project-test */;
			targetProxy = 5183EAB52BF921700047D039 /* PBXContainerItemProxy */;
		};
		5183EAC02BF921710047D039 /* PBXTargetDependency */ = {
			isa = PBXTargetDependency;
			target = 5183EA9D2BF9216B0047D039 /* project-test */;
			targetProxy = 5183EABF2BF921710047D039 /* PBXContainerItemProxy */;
		};
/* End PBXTargetDependency section */

/* Begin PBXVariantGroup section */
		5183EAA72BF9216B0047D039 /* Main.storyboard */ = {
			isa = PBXVariantGroup;
			children = (
				5183EAA82BF9216B0047D039 /* Base */,
			);
			name = Main.storyboard;
			sourceTree = "<group>";
		};
		5183EAAC2BF9216F0047D039 /* LaunchScreen.storyboard */ = {
			isa = PBXVariantGroup;
			children = (
				5183EAAD2BF9216F0047D039 /* Base */,
			);
			name = LaunchScreen.storyboard;
			sourceTree = "<group>";
		};
/* End PBXVariantGroup section */

/* Begin XCBuildConfiguration section */
		5183EAC62BF921710047D039 /* Debug */ = {
			isa = XCBuildConfiguration;
			buildSettings = {
				ALWAYS_SEARCH_USER_PATHS = NO;
				ASSETCATALOG_COMPILER_GENERATE_SWIFT_ASSET_SYMBOL_EXTENSIONS = YES;
				CLANG_ANALYZER_NONNULL = YES;
				CLANG_ANALYZER_NUMBER_OBJECT_CONVERSION = YES_AGGRESSIVE;
				CLANG_CXX_LANGUAGE_STANDARD = "gnu++20";
				CLANG_ENABLE_MODULES = YES;
				CLANG_ENABLE_OBJC_ARC = YES;
				CLANG_ENABLE_OBJC_WEAK = YES;
				CLANG_WARN_BLOCK_CAPTURE_AUTORELEASING = YES;
				CLANG_WARN_BOOL_CONVERSION = YES;
				CLANG_WARN_COMMA = YES;
				CLANG_WARN_CONSTANT_CONVERSION = YES;
				CLANG_WARN_DEPRECATED_OBJC_IMPLEMENTATIONS = YES;
				CLANG_WARN_DIRECT_OBJC_ISA_USAGE = YES_ERROR;
				CLANG_WARN_DOCUMENTATION_COMMENTS = YES;
				CLANG_WARN_EMPTY_BODY = YES;
				CLANG_WARN_ENUM_CONVERSION = YES;
				CLANG_WARN_INFINITE_RECURSION = YES;
				CLANG_WARN_INT_CONVERSION = YES;
				CLANG_WARN_NON_LITERAL_NULL_CONVERSION = YES;
				CLANG_WARN_OBJC_IMPLICIT_RETAIN_SELF = YES;
				CLANG_WARN_OBJC_LITERAL_CONVERSION = YES;
				CLANG_WARN_OBJC_ROOT_CLASS = YES_ERROR;
				CLANG_WARN_QUOTED_INCLUDE_IN_FRAMEWORK_HEADER = YES;
				CLANG_WARN_RANGE_LOOP_ANALYSIS = YES;
				CLANG_WARN_STRICT_PROTOTYPES = YES;
				CLANG_WARN_SUSPICIOUS_MOVE = YES;
				CLANG_WARN_UNGUARDED_AVAILABILITY = YES_AGGRESSIVE;
				CLANG_WARN_UNREACHABLE_CODE = YES;
				CLANG_WARN__DUPLICATE_METHOD_MATCH = YES;
				COPY_PHASE_STRIP = NO;
				DEBUG_INFORMATION_FORMAT = dwarf;
				ENABLE_STRICT_OBJC_MSGSEND = YES;
				ENABLE_TESTABILITY = YES;
				ENABLE_USER_SCRIPT_SANDBOXING = YES;
				GCC_C_LANGUAGE_STANDARD = gnu17;
				GCC_DYNAMIC_NO_PIC = NO;
				GCC_NO_COMMON_BLOCKS = YES;
				GCC_OPTIMIZATION_LEVEL = 0;
				GCC_PREPROCESSOR_DEFINITIONS = (
					"DEBUG=1",
					"$(inherited)",
				);
				GCC_WARN_64_TO_32_BIT_CONVERSION = YES;
				GCC_WARN_ABOUT_RETURN_TYPE = YES_ERROR;
				GCC_WARN_UNDECLARED_SELECTOR = YES;
				GCC_WARN_UNINITIALIZED_AUTOS = YES_AGGRESSIVE;
				GCC_WARN_UNUSED_FUNCTION = YES;
				GCC_WARN_UNUSED_VARIABLE = YES;
				IPHONEOS_DEPLOYMENT_TARGET = 17.2;
				LOCALIZATION_PREFERS_STRING_CATALOGS = YES;
				MTL_ENABLE_DEBUG_INFO = INCLUDE_SOURCE;
				MTL_FAST_MATH = YES;
				ONLY_ACTIVE_ARCH = YES;
				SDKROOT = iphoneos;
				SWIFT_ACTIVE_COMPILATION_CONDITIONS = "DEBUG $(inherited)";
				SWIFT_OPTIMIZATION_LEVEL = "-Onone";
			};
			name = Debug;
		};
		5183EAC72BF921710047D039 /* Release */ = {
			isa = XCBuildConfiguration;
			buildSettings = {
				ALWAYS_SEARCH_USER_PATHS = NO;
				ASSETCATALOG_COMPILER_GENERATE_SWIFT_ASSET_SYMBOL_EXTENSIONS = YES;
				CLANG_ANALYZER_NONNULL = YES;
				CLANG_ANALYZER_NUMBER_OBJECT_CONVERSION = YES_AGGRESSIVE;
				CLANG_CXX_LANGUAGE_STANDARD = "gnu++20";
				CLANG_ENABLE_MODULES = YES;
				CLANG_ENABLE_OBJC_ARC = YES;
				CLANG_ENABLE_OBJC_WEAK = YES;
				CLANG_WARN_BLOCK_CAPTURE_AUTORELEASING = YES;
				CLANG_WARN_BOOL_CONVERSION = YES;
				CLANG_WARN_COMMA = YES;
				CLANG_WARN_CONSTANT_CONVERSION = YES;
				CLANG_WARN_DEPRECATED_OBJC_IMPLEMENTATIONS = YES;
				CLANG_WARN_DIRECT_OBJC_ISA_USAGE = YES_ERROR;
				CLANG_WARN_DOCUMENTATION_COMMENTS = YES;
				CLANG_WARN_EMPTY_BODY = YES;
				CLANG_WARN_ENUM_CONVERSION = YES;
				CLANG_WARN_INFINITE_RECURSION = YES;
				CLANG_WARN_INT_CONVERSION = YES;
				CLANG_WARN_NON_LITERAL_NULL_CONVERSION = YES;
				CLANG_WARN_OBJC_IMPLICIT_RETAIN_SELF = YES;
				CLANG_WARN_OBJC_LITERAL_CONVERSION = YES;
				CLANG_WARN_OBJC_ROOT_CLASS = YES_ERROR;
				CLANG_WARN_QUOTED_INCLUDE_IN_FRAMEWORK_HEADER = YES;
				CLANG_WARN_RANGE_LOOP_ANALYSIS = YES;
				CLANG_WARN_STRICT_PROTOTYPES = YES;
				CLANG_WARN_SUSPICIOUS_MOVE = YES;
				CLANG_WARN_UNGUARDED_AVAILABILITY = YES_AGGRESSIVE;
				CLANG_WARN_UNREACHABLE_CODE = YES;
				CLANG_WARN__DUPLICATE_METHOD_MATCH = YES;
				COPY_PHASE_STRIP = NO;
				DEBUG_INFORMATION_FORMAT = "dwarf-with-dsym";
				ENABLE_NS_ASSERTIONS = NO;
				ENABLE_STRICT_OBJC_MSGSEND = YES;
				ENABLE_USER_SCRIPT_SANDBOXING = YES;
				GCC_C_LANGUAGE_STANDARD = gnu17;
				GCC_NO_COMMON_BLOCKS = YES;
				GCC_WARN_64_TO_32_BIT_CONVERSION = YES;
				GCC_WARN_ABOUT_RETURN_TYPE = YES_ERROR;
				GCC_WARN_UNDECLARED_SELECTOR = YES;
				GCC_WARN_UNINITIALIZED_AUTOS = YES_AGGRESSIVE;
				GCC_WARN_UNUSED_FUNCTION = YES;
				GCC_WARN_UNUSED_VARIABLE = YES;
				IPHONEOS_DEPLOYMENT_TARGET = 17.2;
				LOCALIZATION_PREFERS_STRING_CATALOGS = YES;
				MTL_ENABLE_DEBUG_INFO = NO;
				MTL_FAST_MATH = YES;
				SDKROOT = iphoneos;
				SWIFT_COMPILATION_MODE = wholemodule;
				VALIDATE_PRODUCT = YES;
			};
			name = Release;
		};
		5183EAC92BF921710047D039 /* Debug */ = {
			isa = XCBuildConfiguration;
			buildSettings = {
				ASSETCATALOG_COMPILER_APPICON_NAME = AppIcon;
				ASSETCATALOG_COMPILER_GLOBAL_ACCENT_COLOR_NAME = AccentColor;
				CODE_SIGN_STYLE = Automatic;
				CURRENT_PROJECT_VERSION = 1;
				GENERATE_INFOPLIST_FILE = YES;
				INFOPLIST_FILE = "project-test/Info.plist";
				INFOPLIST_KEY_UIApplicationSupportsIndirectInputEvents = YES;
				INFOPLIST_KEY_UILaunchStoryboardName = LaunchScreen;
				INFOPLIST_KEY_UIMainStoryboardFile = Main;
				INFOPLIST_KEY_UISupportedInterfaceOrientations_iPad = "UIInterfaceOrientationPortrait UIInterfaceOrientationPortraitUpsideDown UIInterfaceOrientationLandscapeLeft UIInterfaceOrientationLandscapeRight";
				INFOPLIST_KEY_UISupportedInterfaceOrientations_iPhone = "UIInterfaceOrientationPortrait UIInterfaceOrientationLandscapeLeft UIInterfaceOrientationLandscapeRight";
				LD_RUNPATH_SEARCH_PATHS = (
					"$(inherited)",
					"@executable_path/Frameworks",
				);
				MARKETING_VERSION = 1.0;
				PRODUCT_BUNDLE_IDENTIFIER = "swift.project-test";
				PRODUCT_NAME = "$(TARGET_NAME)";
				SWIFT_EMIT_LOC_STRINGS = YES;
				SWIFT_VERSION = 5.0;
				TARGETED_DEVICE_FAMILY = "1,2";
			};
			name = Debug;
		};
		5183EACA2BF921710047D039 /* Release */ = {
			isa = XCBuildConfiguration;
			buildSettings = {
				ASSETCATALOG_COMPILER_APPICON_NAME = AppIcon;
				ASSETCATALOG_COMPILER_GLOBAL_ACCENT_COLOR_NAME = AccentColor;
				CODE_SIGN_STYLE = Automatic;
				CURRENT_PROJECT_VERSION = 1;
				GENERATE_INFOPLIST_FILE = YES;
				INFOPLIST_FILE = "project-test/Info.plist";
				INFOPLIST_KEY_UIApplicationSupportsIndirectInputEvents = YES;
				INFOPLIST_KEY_UILaunchStoryboardName = LaunchScreen;
				INFOPLIST_KEY_UIMainStoryboardFile = Main;
				INFOPLIST_KEY_UISupportedInterfaceOrientations_iPad = "UIInterfaceOrientationPortrait UIInterfaceOrientationPortraitUpsideDown UIInterfaceOrientationLandscapeLeft UIInterfaceOrientationLandscapeRight";
				INFOPLIST_KEY_UISupportedInterfaceOrientations_iPhone = "UIInterfaceOrientationPortrait UIInterfaceOrientationLandscapeLeft UIInterfaceOrientationLandscapeRight";
				LD_RUNPATH_SEARCH_PATHS = (
					"$(inherited)",
					"@executable_path/Frameworks",
				);
				MARKETING_VERSION = 1.0;
				PRODUCT_BUNDLE_IDENTIFIER = "swift.project-test";
				PRODUCT_NAME = "$(TARGET_NAME)";
				SWIFT_EMIT_LOC_STRINGS = YES;
				SWIFT_VERSION = 5.0;
				TARGETED_DEVICE_FAMILY = "1,2";
			};
			name = Release;
		};
		5183EACC2BF921710047D039 /* Debug */ = {
			isa = XCBuildConfiguration;
			buildSettings = {
				ALWAYS_EMBED_SWIFT_STANDARD_LIBRARIES = YES;
				BUNDLE_LOADER = "$(TEST_HOST)";
				CODE_SIGN_STYLE = Automatic;
				CURRENT_PROJECT_VERSION = 1;
				GENERATE_INFOPLIST_FILE = YES;
				IPHONEOS_DEPLOYMENT_TARGET = 17.2;
				MARKETING_VERSION = 1.0;
				PRODUCT_BUNDLE_IDENTIFIER = "swift.project-testTests";
				PRODUCT_NAME = "$(TARGET_NAME)";
				SWIFT_EMIT_LOC_STRINGS = NO;
				SWIFT_VERSION = 5.0;
				TARGETED_DEVICE_FAMILY = "1,2";
				TEST_HOST = "$(BUILT_PRODUCTS_DIR)/project-test.app/$(BUNDLE_EXECUTABLE_FOLDER_PATH)/project-test";
			};
			name = Debug;
		};
		5183EACD2BF921710047D039 /* Release */ = {
			isa = XCBuildConfiguration;
			buildSettings = {
				ALWAYS_EMBED_SWIFT_STANDARD_LIBRARIES = YES;
				BUNDLE_LOADER = "$(TEST_HOST)";
				CODE_SIGN_STYLE = Automatic;
				CURRENT_PROJECT_VERSION = 1;
				GENERATE_INFOPLIST_FILE = YES;
				IPHONEOS_DEPLOYMENT_TARGET = 17.2;
				MARKETING_VERSION = 1.0;
				PRODUCT_BUNDLE_IDENTIFIER = "swift.project-testTests";
				PRODUCT_NAME = "$(TARGET_NAME)";
				SWIFT_EMIT_LOC_STRINGS = NO;
				SWIFT_VERSION = 5.0;
				TARGETED_DEVICE_FAMILY = "1,2";
				TEST_HOST = "$(BUILT_PRODUCTS_DIR)/project-test.app/$(BUNDLE_EXECUTABLE_FOLDER_PATH)/project-test";
			};
			name = Release;
		};
		5183EACF2BF921710047D039 /* Debug */ = {
			isa = XCBuildConfiguration;
			buildSettings = {
				ALWAYS_EMBED_SWIFT_STANDARD_LIBRARIES = YES;
				CODE_SIGN_STYLE = Automatic;
				CURRENT_PROJECT_VERSION = 1;
				GENERATE_INFOPLIST_FILE = YES;
				MARKETING_VERSION = 1.0;
				PRODUCT_BUNDLE_IDENTIFIER = "swift.project-testUITests";
				PRODUCT_NAME = "$(TARGET_NAME)";
				SWIFT_EMIT_LOC_STRINGS = NO;
				SWIFT_VERSION = 5.0;
				TARGETED_DEVICE_FAMILY = "1,2";
				TEST_TARGET_NAME = "project-test";
			};
			name = Debug;
		};
		5183EAD02BF921710047D039 /* Release */ = {
			isa = XCBuildConfiguration;
			buildSettings = {
				ALWAYS_EMBED_SWIFT_STANDARD_LIBRARIES = YES;
				CODE_SIGN_STYLE = Automatic;
				CURRENT_PROJECT_VERSION = 1;
				GENERATE_INFOPLIST_FILE = YES;
				MARKETING_VERSION = 1.0;
				PRODUCT_BUNDLE_IDENTIFIER = "swift.project-testUITests";
				PRODUCT_NAME = "$(TARGET_NAME)";
				SWIFT_EMIT_LOC_STRINGS = NO;
				SWIFT_VERSION = 5.0;
				TARGETED_DEVICE_FAMILY = "1,2";
				TEST_TARGET_NAME = "project-test";
			};
			name = Release;
		};
/* End XCBuildConfiguration section */

/* Begin XCConfigurationList section */
		5183EA992BF9216B0047D039 /* Build configuration list for PBXProject "project-test" */ = {
			isa = XCConfigurationList;
			buildConfigurations = (
				5183EAC62BF921710047D039 /* Debug */,
				5183EAC72BF921710047D039 /* Release */,
			);
			defaultConfigurationIsVisible = 0;
			defaultConfigurationName = Release;
		};
		5183EAC82BF921710047D039 /* Build configuration list for PBXNativeTarget "project-test" */ = {
			isa = XCConfigurationList;
			buildConfigurations = (
				5183EAC92BF921710047D039 /* Debug */,
				5183EACA2BF921710047D039 /* Release */,
			);
			defaultConfigurationIsVisible = 0;
			defaultConfigurationName = Release;
		};
		5183EACB2BF921710047D039 /* Build configuration list for PBXNativeTarget "project-testTests" */ = {
			isa = XCConfigurationList;
			buildConfigurations = (
				5183EACC2BF921710047D039 /* Debug */,
				5183EACD2BF921710047D039 /* Release */,
			);
			defaultConfigurationIsVisible = 0;
			defaultConfigurationName = Release;
		};
		5183EACE2BF921710047D039 /* Build configuration list for PBXNativeTarget "project-testUITests" */ = {
			isa = XCConfigurationList;
			buildConfigurations = (
				5183EACF2BF921710047D039 /* Debug */,
				5183EAD02BF921710047D039 /* Release */,
			);
			defaultConfigurationIsVisible = 0;
			defaultConfigurationName = Release;
		};
/* End XCConfigurationList section */
	};
	rootObject = 5183EA962BF9216B0047D039 /* Project object */;
}
